
Microsoft Visual Studio Solution File, Format Version 12.00
# Visual Studio 15
VisualStudioVersion = 15.0.27130.2027
MinimumVisualStudioVersion = 10.0.40219.1
Project("{9A19103F-16F7-4668-BE54-9A1E7A4F7556}") = "Swank", "src\Swank.csproj", "{7E6D20B9-8DC0-4D63-A24E-1826C7BB5C8D}"
EndProject
Project("{2150E333-8FDC-42A3-9474-1A3956D46DE8}") = "Solution items", "Solution items", "{E3D24CA9-D6ED-41F7-ACAE-53E436241D3B}"
	ProjectSection(SolutionItems) = preProject
		.gitattributes = .gitattributes
		.gitignore = .gitignore
		appveyor.yml = appveyor.yml
		build.cake = build.cake
		readme.md = readme.md
	EndProjectSection
EndProject
Project("{2150E333-8FDC-42A3-9474-1A3956D46DE8}") = "tests", "tests", "{0DEC52E9-A56C-4D06-B0A5-D00CB2C6432B}"
EndProject
Project("{FAE04EC0-301F-11D3-BF4B-00C04F79EFBC}") = "Swank.iOS.Tests", "tests\Swank.iOS.Tests\Swank.iOS.Tests.csproj", "{DA8EF525-C0F3-47B4-AAD2-55F9C9770AAA}"
EndProject
Global
	GlobalSection(SolutionConfigurationPlatforms) = preSolution
		Debug|Any CPU = Debug|Any CPU
		Debug|iPhone = Debug|iPhone
		Debug|iPhoneSimulator = Debug|iPhoneSimulator
		Release|Any CPU = Release|Any CPU
		Release|iPhone = Release|iPhone
		Release|iPhoneSimulator = Release|iPhoneSimulator
	EndGlobalSection
	GlobalSection(ProjectConfigurationPlatforms) = postSolution
		{7E6D20B9-8DC0-4D63-A24E-1826C7BB5C8D}.Debug|Any CPU.ActiveCfg = Debug|Any CPU
		{7E6D20B9-8DC0-4D63-A24E-1826C7BB5C8D}.Debug|Any CPU.Build.0 = Debug|Any CPU
		{7E6D20B9-8DC0-4D63-A24E-1826C7BB5C8D}.Debug|iPhone.ActiveCfg = Debug|Any CPU
		{7E6D20B9-8DC0-4D63-A24E-1826C7BB5C8D}.Debug|iPhone.Build.0 = Debug|Any CPU
		{7E6D20B9-8DC0-4D63-A24E-1826C7BB5C8D}.Debug|iPhoneSimulator.ActiveCfg = Debug|Any CPU
		{7E6D20B9-8DC0-4D63-A24E-1826C7BB5C8D}.Debug|iPhoneSimulator.Build.0 = Debug|Any CPU
		{7E6D20B9-8DC0-4D63-A24E-1826C7BB5C8D}.Release|Any CPU.ActiveCfg = Release|Any CPU
		{7E6D20B9-8DC0-4D63-A24E-1826C7BB5C8D}.Release|Any CPU.Build.0 = Release|Any CPU
		{7E6D20B9-8DC0-4D63-A24E-1826C7BB5C8D}.Release|iPhone.ActiveCfg = Release|Any CPU
		{7E6D20B9-8DC0-4D63-A24E-1826C7BB5C8D}.Release|iPhone.Build.0 = Release|Any CPU
		{7E6D20B9-8DC0-4D63-A24E-1826C7BB5C8D}.Release|iPhoneSimulator.ActiveCfg = Release|Any CPU
		{7E6D20B9-8DC0-4D63-A24E-1826C7BB5C8D}.Release|iPhoneSimulator.Build.0 = Release|Any CPU
		{DA8EF525-C0F3-47B4-AAD2-55F9C9770AAA}.Debug|Any CPU.ActiveCfg = Debug|iPhone
		{DA8EF525-C0F3-47B4-AAD2-55F9C9770AAA}.Debug|iPhone.ActiveCfg = Debug|iPhone
		{DA8EF525-C0F3-47B4-AAD2-55F9C9770AAA}.Debug|iPhone.Build.0 = Debug|iPhone
		{DA8EF525-C0F3-47B4-AAD2-55F9C9770AAA}.Debug|iPhoneSimulator.ActiveCfg = Debug|iPhoneSimulator
		{DA8EF525-C0F3-47B4-AAD2-55F9C9770AAA}.Debug|iPhoneSimulator.Build.0 = Debug|iPhoneSimulator
		{DA8EF525-C0F3-47B4-AAD2-55F9C9770AAA}.Release|Any CPU.ActiveCfg = Release|iPhone
		{DA8EF525-C0F3-47B4-AAD2-55F9C9770AAA}.Release|iPhone.ActiveCfg = Release|iPhone
		{DA8EF525-C0F3-47B4-AAD2-55F9C9770AAA}.Release|iPhone.Build.0 = Release|iPhone
		{DA8EF525-C0F3-47B4-AAD2-55F9C9770AAA}.Release|iPhoneSimulator.ActiveCfg = Release|iPhoneSimulator
		{DA8EF525-C0F3-47B4-AAD2-55F9C9770AAA}.Release|iPhoneSimulator.Build.0 = Release|iPhoneSimulator
	EndGlobalSection
	GlobalSection(SolutionProperties) = preSolution
		HideSolutionNode = FALSE
	EndGlobalSection
	GlobalSection(NestedProjects) = preSolution
		{DA8EF525-C0F3-47B4-AAD2-55F9C9770AAA} = {0DEC52E9-A56C-4D06-B0A5-D00CB2C6432B}
	EndGlobalSection
	GlobalSection(ExtensibilityGlobals) = postSolution
		SolutionGuid = {7B3C2901-6541-4B49-B8D3-DD12C53A488C}
	EndGlobalSection
EndGlobal
