
Microsoft Visual Studio Solution File, Format Version 12.00
# Visual Studio 15
VisualStudioVersion = 15.0.27130.2027
MinimumVisualStudioVersion = 10.0.40219.1
Project("{2150E333-8FDC-42A3-9474-1A3956D46DE8}") = "Solution items", "Solution items", "{6FB20C0E-5AD6-4979-87F3-28E5E5BD5475}"
	ProjectSection(SolutionItems) = preProject
		.gitattributes = .gitattributes
		.gitignore = .gitignore
		appveyor.yml = appveyor.yml
		readme.md = readme.md
		nuget\Swank.nuspec = nuget\Swank.nuspec
	EndProjectSection
EndProject
Project("{FAE04EC0-301F-11D3-BF4B-00C04F79EFBC}") = "Swank.FormsPlugin.Abstractions", "src\Swank.FormsPlugin.Abstractions\Swank.FormsPlugin.Abstractions.csproj", "{66D44A51-488D-4550-8A4F-C6EC7DBE06DB}"
EndProject
Project("{FAE04EC0-301F-11D3-BF4B-00C04F79EFBC}") = "Swank.FormsPlugin.iOS", "src\Swank.FormsPlugin.iOS\Swank.FormsPlugin.iOS.csproj", "{4F4F94DE-31CA-4491-8F74-BA0595AF7A42}"
EndProject
Global
	GlobalSection(SolutionConfigurationPlatforms) = preSolution
		Debug|Any CPU = Debug|Any CPU
		Release|Any CPU = Release|Any CPU
	EndGlobalSection
	GlobalSection(ProjectConfigurationPlatforms) = postSolution
		{66D44A51-488D-4550-8A4F-C6EC7DBE06DB}.Debug|Any CPU.ActiveCfg = Debug|Any CPU
		{66D44A51-488D-4550-8A4F-C6EC7DBE06DB}.Debug|Any CPU.Build.0 = Debug|Any CPU
		{66D44A51-488D-4550-8A4F-C6EC7DBE06DB}.Release|Any CPU.ActiveCfg = Release|Any CPU
		{66D44A51-488D-4550-8A4F-C6EC7DBE06DB}.Release|Any CPU.Build.0 = Release|Any CPU
		{4F4F94DE-31CA-4491-8F74-BA0595AF7A42}.Debug|Any CPU.ActiveCfg = Debug|Any CPU
		{4F4F94DE-31CA-4491-8F74-BA0595AF7A42}.Debug|Any CPU.Build.0 = Debug|Any CPU
		{4F4F94DE-31CA-4491-8F74-BA0595AF7A42}.Release|Any CPU.ActiveCfg = Release|Any CPU
		{4F4F94DE-31CA-4491-8F74-BA0595AF7A42}.Release|Any CPU.Build.0 = Release|Any CPU
	EndGlobalSection
	GlobalSection(SolutionProperties) = preSolution
		HideSolutionNode = FALSE
	EndGlobalSection
	GlobalSection(ExtensibilityGlobals) = postSolution
		SolutionGuid = {C978D50C-B96D-4DCC-AD04-7B8F143ECD44}
	EndGlobalSection
EndGlobal
